<?xml version="1.0" encoding="utf-8"?>
<Project ToolsVersion="4.0" xmlns="http://schemas.microsoft.com/developer/msbuild/2003">
  <ItemGroup>
    <Filter Include="graphics">
      <UniqueIdentifier>{7d29d971-0774-401d-bad3-2af5e09a09f8}</UniqueIdentifier>
    </Filter>
    <Filter Include="collision">
      <UniqueIdentifier>{00cb1913-6875-45c6-bec3-d8796af196d7}</UniqueIdentifier>
    </Filter>
    <Filter Include="geometry">
      <UniqueIdentifier>{4f2a881c-d4a2-4692-9535-14864ddc16d0}</UniqueIdentifier>
    </Filter>
    <Filter Include="level3DRender">
      <UniqueIdentifier>{4d230187-c9fb-45ae-88ab-6ed01058b19d}</UniqueIdentifier>
    </Filter>
  </ItemGroup>
  <ItemGroup>
    <ClInclude Include="BookEngine.h" />
    <ClInclude Include="PreCompile.h" />
    <ClInclude Include="geometry\GeometryData.h">
      <Filter>geometry</Filter>
    </ClInclude>
    <ClInclude Include="geometry\SceneGeometryData.h">
      <Filter>geometry</Filter>
    </ClInclude>
    <ClInclude Include="graphics\IRenderer.h">
      <Filter>graphics</Filter>
    </ClInclude>
    <ClInclude Include="graphics\ModelRender.h">
      <Filter>graphics</Filter>
    </ClInclude>
    <ClInclude Include="graphics\MyRenderer.h">
      <Filter>graphics</Filter>
    </ClInclude>
    <ClInclude Include="graphics\SpriteRender.h">
      <Filter>graphics</Filter>
    </ClInclude>
    <ClInclude Include="graphics\RenderingEngine.h">
      <Filter>graphics</Filter>
    </ClInclude>
    <ClInclude Include="level3DRender\LevelRender.h">
      <Filter>level3DRender</Filter>
    </ClInclude>
    <ClInclude Include="level3DRender\MapChipRender.h">
      <Filter>level3DRender</Filter>
    </ClInclude>
  </ItemGroup>
  <ItemGroup>
    <ClCompile Include="BookEngine.cpp" />
    <ClCompile Include="PreCompile.cpp" />
    <ClCompile Include="geometry\GeometryData.cpp">
      <Filter>geometry</Filter>
    </ClCompile>
    <ClCompile Include="geometry\SceneGeometryData.cpp">
      <Filter>geometry</Filter>
    </ClCompile>
    <ClCompile Include="graphics\ModelRender.cpp">
      <Filter>graphics</Filter>
    </ClCompile>
    <ClCompile Include="graphics\RenderingEngine.cpp">
      <Filter>graphics</Filter>
    </ClCompile>
    <ClCompile Include="graphics\SpriteRender.cpp">
      <Filter>graphics</Filter>
    </ClCompile>
    <ClCompile Include="level3DRender\LevelRender.cpp">
      <Filter>level3DRender</Filter>
    </ClCompile>
    <ClCompile Include="level3DRender\MapChipRender.cpp">
      <Filter>level3DRender</Filter>
    </ClCompile>
  </ItemGroup>
</Project>