<?xml version="1.0" encoding="utf-8"?>
<Project ToolsVersion="4.0" xmlns="http://schemas.microsoft.com/developer/msbuild/2003">
  <ItemGroup>
    <Filter Include="system">
      <UniqueIdentifier>{22dd8095-74f9-46df-81a1-36675a040b1f}</UniqueIdentifier>
    </Filter>
    <Filter Include="Object">
      <UniqueIdentifier>{cfb10385-eba9-4364-b80a-c503a72bd8e2}</UniqueIdentifier>
    </Filter>
    <Filter Include="Actor">
      <UniqueIdentifier>{ec6239f9-66bd-4f59-a5ba-92258fbfe31c}</UniqueIdentifier>
    </Filter>
    <Filter Include="Scene">
      <UniqueIdentifier>{4b9e679b-3076-4a38-8433-1d36265c8486}</UniqueIdentifier>
    </Filter>
  </ItemGroup>
  <ItemGroup>
    <ClCompile Include="stdafx.cpp" />
    <ClCompile Include="main.cpp" />
    <ClCompile Include="system\system.cpp">
      <Filter>system</Filter>
    </ClCompile>
    <ClCompile Include="GameManager.cpp" />
    <ClCompile Include="GameCamera.cpp" />
    <ClCompile Include="MiniMap.cpp" />
    <ClCompile Include="BackGround.cpp" />
    <ClCompile Include="Debug.cpp" />
    <ClCompile Include="Enemy.cpp">
      <Filter>Actor</Filter>
    </ClCompile>
    <ClCompile Include="Enemy_Normal.cpp">
      <Filter>Actor</Filter>
    </ClCompile>
    <ClCompile Include="LightSensor.cpp">
      <Filter>Object</Filter>
    </ClCompile>
    <ClCompile Include="Object.cpp">
      <Filter>Object</Filter>
    </ClCompile>
    <ClCompile Include="Player.cpp">
      <Filter>Actor</Filter>
    </ClCompile>
    <ClCompile Include="Player2D.cpp">
      <Filter>Actor</Filter>
    </ClCompile>
    <ClCompile Include="Player3D.cpp">
      <Filter>Actor</Filter>
    </ClCompile>
    <ClCompile Include="PlayerManagement.cpp">
      <Filter>Actor</Filter>
    </ClCompile>
    <ClCompile Include="Mirror.cpp">
      <Filter>Object</Filter>
    </ClCompile>
    <ClCompile Include="SenSor.cpp">
      <Filter>Object</Filter>
    </ClCompile>
    <ClCompile Include="GameUI.cpp" />
    <ClCompile Include="Enemy_Charge.cpp">
      <Filter>Actor</Filter>
    </ClCompile>
    <ClCompile Include="Game.cpp">
      <Filter>Scene</Filter>
    </ClCompile>
    <ClCompile Include="Title.cpp">
      <Filter>Scene</Filter>
    </ClCompile>
    <ClCompile Include="Wall.cpp" />
    <ClCompile Include="Treasure.cpp" />
    <ClCompile Include="Ghost.cpp" />
    <ClCompile Include="Enemy_Search.cpp" />
  </ItemGroup>
  <ItemGroup>
    <ClInclude Include="stdafx.h" />
    <ClInclude Include="system\system.h">
      <Filter>system</Filter>
    </ClInclude>
    <ClInclude Include="GameManager.h" />
    <ClInclude Include="GameCamera.h" />
    <ClInclude Include="MiniMap.h" />
    <ClInclude Include="BackGround.h" />
    <ClInclude Include="Debug.h" />
    <ClInclude Include="Enemy.h">
      <Filter>Actor</Filter>
    </ClInclude>
    <ClInclude Include="Enemy_Normal.h">
      <Filter>Actor</Filter>
    </ClInclude>
    <ClInclude Include="LightSensor.h">
      <Filter>Object</Filter>
    </ClInclude>
    <ClInclude Include="Object.h">
      <Filter>Object</Filter>
    </ClInclude>
    <ClInclude Include="Player.h">
      <Filter>Actor</Filter>
    </ClInclude>
    <ClInclude Include="Player2D.h">
      <Filter>Actor</Filter>
    </ClInclude>
    <ClInclude Include="Player3D.h">
      <Filter>Actor</Filter>
    </ClInclude>
    <ClInclude Include="PlayerManagement.h">
      <Filter>Actor</Filter>
    </ClInclude>
    <ClInclude Include="Mirror.h">
      <Filter>Object</Filter>
    </ClInclude>
    <ClInclude Include="SenSor.h">
      <Filter>Object</Filter>
    </ClInclude>
    <ClInclude Include="GameUI.h" />
    <ClInclude Include="Enemy_Charge.h">
      <Filter>Actor</Filter>
    </ClInclude>
    <ClInclude Include="Game.h">
      <Filter>Scene</Filter>
    </ClInclude>
    <ClInclude Include="Title.h">
      <Filter>Scene</Filter>
    </ClInclude>
    <ClInclude Include="Wall.h" />
    <ClInclude Include="Treasure.h" />
    <ClInclude Include="Ghost.h" />
    <ClInclude Include="Enemy_Search.h" />
  </ItemGroup>
</Project>