<?xml version="1.0" encoding="utf-8"?>
<Project ToolsVersion="4.0" xmlns="http://schemas.microsoft.com/developer/msbuild/2003">
  <ItemGroup>
    <Filter Include="system">
      <UniqueIdentifier>{22dd8095-74f9-46df-81a1-36675a040b1f}</UniqueIdentifier>
    </Filter>
    <Filter Include="Object">
      <UniqueIdentifier>{cfb10385-eba9-4364-b80a-c503a72bd8e2}</UniqueIdentifier>
    </Filter>
    <Filter Include="Actor">
      <UniqueIdentifier>{ec6239f9-66bd-4f59-a5ba-92258fbfe31c}</UniqueIdentifier>
    </Filter>
    <Filter Include="Scene">
      <UniqueIdentifier>{4b9e679b-3076-4a38-8433-1d36265c8486}</UniqueIdentifier>
    </Filter>
    <Filter Include="Debug">
      <UniqueIdentifier>{61a1279e-0efd-4165-958b-6fbadf586573}</UniqueIdentifier>
    </Filter>
    <Filter Include="Item">
      <UniqueIdentifier>{bd67bd32-bfbf-45aa-8d3e-ed3527243a12}</UniqueIdentifier>
    </Filter>
    <Filter Include="GameManager">
      <UniqueIdentifier>{9ffeba6f-bd38-4048-9a38-5697b091add3}</UniqueIdentifier>
    </Filter>
    <Filter Include="Stage">
      <UniqueIdentifier>{961b002f-58e2-490c-8daa-934cd5869318}</UniqueIdentifier>
    </Filter>
  </ItemGroup>
  <ItemGroup>
    <ClCompile Include="stdafx.cpp" />
    <ClCompile Include="main.cpp" />
    <ClCompile Include="system\system.cpp">
      <Filter>system</Filter>
    </ClCompile>
    <ClCompile Include="Enemy.cpp">
      <Filter>Actor</Filter>
    </ClCompile>
    <ClCompile Include="Enemy_Normal.cpp">
      <Filter>Actor</Filter>
    </ClCompile>
    <ClCompile Include="LightSensor.cpp">
      <Filter>Object</Filter>
    </ClCompile>
    <ClCompile Include="Object.cpp">
      <Filter>Object</Filter>
    </ClCompile>
    <ClCompile Include="Player.cpp">
      <Filter>Actor</Filter>
    </ClCompile>
    <ClCompile Include="Player2D.cpp">
      <Filter>Actor</Filter>
    </ClCompile>
    <ClCompile Include="Player3D.cpp">
      <Filter>Actor</Filter>
    </ClCompile>
    <ClCompile Include="PlayerManagement.cpp">
      <Filter>Actor</Filter>
    </ClCompile>
    <ClCompile Include="SenSor.cpp">
      <Filter>Object</Filter>
    </ClCompile>
    <ClCompile Include="Enemy_Charge.cpp">
      <Filter>Actor</Filter>
    </ClCompile>
    <ClCompile Include="Game.cpp">
      <Filter>Scene</Filter>
    </ClCompile>
    <ClCompile Include="Title.cpp">
      <Filter>Scene</Filter>
    </ClCompile>
    <ClCompile Include="Enemy_Search.cpp">
      <Filter>Actor</Filter>
    </ClCompile>
    <ClCompile Include="Menu.cpp">
      <Filter>Scene</Filter>
    </ClCompile>
    <ClCompile Include="Mirror.cpp">
      <Filter>Debug</Filter>
    </ClCompile>
    <ClCompile Include="Debug.cpp">
      <Filter>Debug</Filter>
    </ClCompile>
    <ClCompile Include="FlashBom.cpp">
      <Filter>Item</Filter>
    </ClCompile>
    <ClCompile Include="Item.cpp">
      <Filter>Item</Filter>
    </ClCompile>
    <ClCompile Include="GameCamera.cpp">
      <Filter>GameManager</Filter>
    </ClCompile>
    <ClCompile Include="GameManager.cpp">
      <Filter>GameManager</Filter>
    </ClCompile>
    <ClCompile Include="GameUI.cpp">
      <Filter>GameManager</Filter>
    </ClCompile>
    <ClCompile Include="MiniMap.cpp">
      <Filter>GameManager</Filter>
    </ClCompile>
    <ClCompile Include="Treasure.cpp">
      <Filter>Object</Filter>
    </ClCompile>
    <ClCompile Include="BackGround.cpp">
      <Filter>Stage</Filter>
    </ClCompile>
    <ClCompile Include="Ghost.cpp">
      <Filter>Stage</Filter>
    </ClCompile>
    <ClCompile Include="Wall.cpp">
      <Filter>Stage</Filter>
    </ClCompile>
  </ItemGroup>
  <ItemGroup>
    <ClInclude Include="stdafx.h" />
    <ClInclude Include="system\system.h">
      <Filter>system</Filter>
    </ClInclude>
    <ClInclude Include="Enemy.h">
      <Filter>Actor</Filter>
    </ClInclude>
    <ClInclude Include="Enemy_Normal.h">
      <Filter>Actor</Filter>
    </ClInclude>
    <ClInclude Include="LightSensor.h">
      <Filter>Object</Filter>
    </ClInclude>
    <ClInclude Include="Object.h">
      <Filter>Object</Filter>
    </ClInclude>
    <ClInclude Include="Player.h">
      <Filter>Actor</Filter>
    </ClInclude>
    <ClInclude Include="Player2D.h">
      <Filter>Actor</Filter>
    </ClInclude>
    <ClInclude Include="Player3D.h">
      <Filter>Actor</Filter>
    </ClInclude>
    <ClInclude Include="PlayerManagement.h">
      <Filter>Actor</Filter>
    </ClInclude>
    <ClInclude Include="SenSor.h">
      <Filter>Object</Filter>
    </ClInclude>
    <ClInclude Include="Enemy_Charge.h">
      <Filter>Actor</Filter>
    </ClInclude>
    <ClInclude Include="Game.h">
      <Filter>Scene</Filter>
    </ClInclude>
    <ClInclude Include="Title.h">
      <Filter>Scene</Filter>
    </ClInclude>
    <ClInclude Include="Enemy_Search.h">
      <Filter>Actor</Filter>
    </ClInclude>
    <ClInclude Include="Menu.h">
      <Filter>Scene</Filter>
    </ClInclude>
    <ClInclude Include="Mirror.h">
      <Filter>Debug</Filter>
    </ClInclude>
    <ClInclude Include="Debug.h">
      <Filter>Debug</Filter>
    </ClInclude>
    <ClInclude Include="FlashBom.h">
      <Filter>Item</Filter>
    </ClInclude>
    <ClInclude Include="Item.h">
      <Filter>Item</Filter>
    </ClInclude>
    <ClInclude Include="GameCamera.h">
      <Filter>GameManager</Filter>
    </ClInclude>
    <ClInclude Include="GameManager.h">
      <Filter>GameManager</Filter>
    </ClInclude>
    <ClInclude Include="GameUI.h">
      <Filter>GameManager</Filter>
    </ClInclude>
    <ClInclude Include="MiniMap.h">
      <Filter>GameManager</Filter>
    </ClInclude>
    <ClInclude Include="Treasure.h">
      <Filter>Object</Filter>
    </ClInclude>
    <ClInclude Include="BackGround.h">
      <Filter>Stage</Filter>
    </ClInclude>
    <ClInclude Include="Ghost.h">
      <Filter>Stage</Filter>
    </ClInclude>
    <ClInclude Include="Wall.h">
      <Filter>Stage</Filter>
    </ClInclude>
  </ItemGroup>
</Project>