<?xml version="1.0" encoding="utf-8"?>
<Project ToolsVersion="4.0" xmlns="http://schemas.microsoft.com/developer/msbuild/2003">
  <ItemGroup>
    <ClCompile Include="PreCompile.cpp" />
    <ClCompile Include="RenderingEngine.cpp" />
    <ClCompile Include="k2Engine.cpp" />
    <ClCompile Include="ModelRender.cpp" />
    <ClCompile Include="GeometryData.cpp" />
  </ItemGroup>
  <ItemGroup>
    <ClInclude Include="PreCompile.h" />
    <ClInclude Include="RenderingEngine.h" />
    <ClInclude Include="k2Engine.h" />
    <ClInclude Include="ModelRender.h" />
    <ClInclude Include="MyRenderer.h" />
    <ClInclude Include="IRenderer.h" />
    <ClInclude Include="GeometryData.h" />
  </ItemGroup>
</Project>